
Microsoft Visual Studio Solution File, Format Version 12.00
# Visual Studio Version 16
VisualStudioVersion = 16.0.32630.194
MinimumVisualStudioVersion = 10.0.40219.1
Project("{FAE04EC0-301F-11D3-BF4B-00C04F79EFBC}") = "Task_1", "Task_1\Task_1.csproj", "{AD8DBA07-C255-426C-B9E8-4E6DBB04CD6E}"
EndProject
Global
	GlobalSection(SolutionConfigurationPlatforms) = preSolution
		Debug|Any CPU = Debug|Any CPU
		Release|Any CPU = Release|Any CPU
	EndGlobalSection
	GlobalSection(ProjectConfigurationPlatforms) = postSolution
		{AD8DBA07-C255-426C-B9E8-4E6DBB04CD6E}.Debug|Any CPU.ActiveCfg = Debug|Any CPU
		{AD8DBA07-C255-426C-B9E8-4E6DBB04CD6E}.Debug|Any CPU.Build.0 = Debug|Any CPU
		{AD8DBA07-C255-426C-B9E8-4E6DBB04CD6E}.Release|Any CPU.ActiveCfg = Release|Any CPU
		{AD8DBA07-C255-426C-B9E8-4E6DBB04CD6E}.Release|Any CPU.Build.0 = Release|Any CPU
	EndGlobalSection
	GlobalSection(SolutionProperties) = preSolution
		HideSolutionNode = FALSE
	EndGlobalSection
	GlobalSection(ExtensibilityGlobals) = postSolution
		SolutionGuid = {94E04592-CF71-4475-A9D3-230EF61566A7}
	EndGlobalSection
EndGlobal
